// !$*UTF8*$!
{
	archiveVersion = 1;
	classes = {
	};
	objectVersion = 77;
	objects = {

/* Begin PBXBuildFile section */
		EF0DE9D22D008083004C54C3 /* AppDelegate.swift in Sources */ = {isa = PBXBuildFile; fileRef = EF0DE9CC2D008083004C54C3 /* AppDelegate.swift */; };
		EF0DE9D32D008083004C54C3 /* SceneDelegate.swift in Sources */ = {isa = PBXBuildFile; fileRef = EF0DE9CF2D008083004C54C3 /* SceneDelegate.swift */; };
		EF0DE9D52D008083004C54C3 /* Assets.xcassets in Resources */ = {isa = PBXBuildFile; fileRef = EF0DE9CD2D008083004C54C3 /* Assets.xcassets */; };
		EF0DE9D92D008085004C54C3 /* MiniChallengeTests.swift in Sources */ = {isa = PBXBuildFile; fileRef = EF0DE9D72D008085004C54C3 /* MiniChallengeTests.swift */; };
		EF0DE9DD2D008087004C54C3 /* MiniChallengeUITests.swift in Sources */ = {isa = PBXBuildFile; fileRef = EF0DE9DA2D008087004C54C3 /* MiniChallengeUITests.swift */; };
		EF0DE9DE2D008087004C54C3 /* MiniChallengeUITestsLaunchTests.swift in Sources */ = {isa = PBXBuildFile; fileRef = EF0DE9DB2D008087004C54C3 /* MiniChallengeUITestsLaunchTests.swift */; };
		EF0DE9E62D009734004C54C3 /* HomeViewController.swift in Sources */ = {isa = PBXBuildFile; fileRef = EF0DE9E52D00972C004C54C3 /* HomeViewController.swift */; };
		EF609E872D0294BC00E59A7C /* CardMenuComponent.swift in Sources */ = {isa = PBXBuildFile; fileRef = EF609E862D0294B700E59A7C /* CardMenuComponent.swift */; };
		EF609E892D02959100E59A7C /* CardMenuComponent+Cell.swift in Sources */ = {isa = PBXBuildFile; fileRef = EF609E882D02958E00E59A7C /* CardMenuComponent+Cell.swift */; };
		EF609E8C2D02A36A00E59A7C /* HomeInteractor.swift in Sources */ = {isa = PBXBuildFile; fileRef = EF609E8B2D02A36400E59A7C /* HomeInteractor.swift */; };
		EF609E8F2D02A48C00E59A7C /* MealCloud.swift in Sources */ = {isa = PBXBuildFile; fileRef = EF609E8E2D02A47B00E59A7C /* MealCloud.swift */; };
		EF609E922D02A67300E59A7C /* HomePresenter.swift in Sources */ = {isa = PBXBuildFile; fileRef = EF609E912D02A67100E59A7C /* HomePresenter.swift */; };
		EF609E942D02A75200E59A7C /* MealResponse.swift in Sources */ = {isa = PBXBuildFile; fileRef = EF609E932D02A74F00E59A7C /* MealResponse.swift */; };
		EF609E982D02A93200E59A7C /* HomeRouter.swift in Sources */ = {isa = PBXBuildFile; fileRef = EF609E972D02A92F00E59A7C /* HomeRouter.swift */; };
		EF66D0812D02FA07008ACFD0 /* MealRouter.swift in Sources */ = {isa = PBXBuildFile; fileRef = EF66D0802D02FA05008ACFD0 /* MealRouter.swift */; };
		EF66D0892D02FA2A008ACFD0 /* MealViewController.swift in Sources */ = {isa = PBXBuildFile; fileRef = EF66D0882D02FA27008ACFD0 /* MealViewController.swift */; };
		EF66D08B2D0300E6008ACFD0 /* MealInteractor.swift in Sources */ = {isa = PBXBuildFile; fileRef = EF66D08A2D0300E2008ACFD0 /* MealInteractor.swift */; };
		EF66D08D2D030107008ACFD0 /* MealPresenter.swift in Sources */ = {isa = PBXBuildFile; fileRef = EF66D08C2D030105008ACFD0 /* MealPresenter.swift */; };
		EFECD8002D01F8DC00634820 /* Meal.swift in Sources */ = {isa = PBXBuildFile; fileRef = EFECD7FF2D01F8D800634820 /* Meal.swift */; };
		EFECD8072D0200EE00634820 /* SearchBarComponent.swift in Sources */ = {isa = PBXBuildFile; fileRef = EFECD8062D0200E900634820 /* SearchBarComponent.swift */; };
		EFECD8092D020A9D00634820 /* FilterMenuComponent.swift in Sources */ = {isa = PBXBuildFile; fileRef = EFECD8082D020A9A00634820 /* FilterMenuComponent.swift */; };
		EFECD80B2D020B3A00634820 /* FilterMenuComponent+Cell.swift in Sources */ = {isa = PBXBuildFile; fileRef = EFECD80A2D020B3500634820 /* FilterMenuComponent+Cell.swift */; };
/* End PBXBuildFile section */

/* Begin PBXContainerItemProxy section */
		EF0DE9AF2D007EF1004C54C3 /* PBXContainerItemProxy */ = {
			isa = PBXContainerItemProxy;
			containerPortal = EF0DE9902D007EEF004C54C3 /* Project object */;
			proxyType = 1;
			remoteGlobalIDString = EF0DE9972D007EEF004C54C3;
			remoteInfo = MiniChallenge;
		};
		EF0DE9B92D007EF1004C54C3 /* PBXContainerItemProxy */ = {
			isa = PBXContainerItemProxy;
			containerPortal = EF0DE9902D007EEF004C54C3 /* Project object */;
			proxyType = 1;
			remoteGlobalIDString = EF0DE9972D007EEF004C54C3;
			remoteInfo = MiniChallenge;
		};
/* End PBXContainerItemProxy section */

/* Begin PBXFileReference section */
		EF0DE9982D007EEF004C54C3 /* MiniChallenge.app */ = {isa = PBXFileReference; explicitFileType = wrapper.application; includeInIndex = 0; path = MiniChallenge.app; sourceTree = BUILT_PRODUCTS_DIR; };
		EF0DE9AE2D007EF1004C54C3 /* MiniChallengeTests.xctest */ = {isa = PBXFileReference; explicitFileType = wrapper.cfbundle; includeInIndex = 0; path = MiniChallengeTests.xctest; sourceTree = BUILT_PRODUCTS_DIR; };
		EF0DE9B82D007EF1004C54C3 /* MiniChallengeUITests.xctest */ = {isa = PBXFileReference; explicitFileType = wrapper.cfbundle; includeInIndex = 0; path = MiniChallengeUITests.xctest; sourceTree = BUILT_PRODUCTS_DIR; };
		EF0DE9CC2D008083004C54C3 /* AppDelegate.swift */ = {isa = PBXFileReference; lastKnownFileType = sourcecode.swift; path = AppDelegate.swift; sourceTree = "<group>"; };
		EF0DE9CD2D008083004C54C3 /* Assets.xcassets */ = {isa = PBXFileReference; lastKnownFileType = folder.assetcatalog; path = Assets.xcassets; sourceTree = "<group>"; };
		EF0DE9CE2D008083004C54C3 /* Info.plist */ = {isa = PBXFileReference; lastKnownFileType = text.plist.xml; path = Info.plist; sourceTree = "<group>"; };
		EF0DE9CF2D008083004C54C3 /* SceneDelegate.swift */ = {isa = PBXFileReference; lastKnownFileType = sourcecode.swift; path = SceneDelegate.swift; sourceTree = "<group>"; };
		EF0DE9D72D008085004C54C3 /* MiniChallengeTests.swift */ = {isa = PBXFileReference; lastKnownFileType = sourcecode.swift; path = MiniChallengeTests.swift; sourceTree = "<group>"; };
		EF0DE9DA2D008087004C54C3 /* MiniChallengeUITests.swift */ = {isa = PBXFileReference; lastKnownFileType = sourcecode.swift; path = MiniChallengeUITests.swift; sourceTree = "<group>"; };
		EF0DE9DB2D008087004C54C3 /* MiniChallengeUITestsLaunchTests.swift */ = {isa = PBXFileReference; lastKnownFileType = sourcecode.swift; path = MiniChallengeUITestsLaunchTests.swift; sourceTree = "<group>"; };
		EF0DE9E52D00972C004C54C3 /* HomeViewController.swift */ = {isa = PBXFileReference; lastKnownFileType = sourcecode.swift; path = HomeViewController.swift; sourceTree = "<group>"; };
		EF609E862D0294B700E59A7C /* CardMenuComponent.swift */ = {isa = PBXFileReference; lastKnownFileType = sourcecode.swift; path = CardMenuComponent.swift; sourceTree = "<group>"; };
		EF609E882D02958E00E59A7C /* CardMenuComponent+Cell.swift */ = {isa = PBXFileReference; lastKnownFileType = sourcecode.swift; path = "CardMenuComponent+Cell.swift"; sourceTree = "<group>"; };
		EF609E8B2D02A36400E59A7C /* HomeInteractor.swift */ = {isa = PBXFileReference; lastKnownFileType = sourcecode.swift; path = HomeInteractor.swift; sourceTree = "<group>"; };
		EF609E8E2D02A47B00E59A7C /* MealCloud.swift */ = {isa = PBXFileReference; lastKnownFileType = sourcecode.swift; path = MealCloud.swift; sourceTree = "<group>"; };
		EF609E912D02A67100E59A7C /* HomePresenter.swift */ = {isa = PBXFileReference; lastKnownFileType = sourcecode.swift; path = HomePresenter.swift; sourceTree = "<group>"; };
		EF609E932D02A74F00E59A7C /* MealResponse.swift */ = {isa = PBXFileReference; lastKnownFileType = sourcecode.swift; path = MealResponse.swift; sourceTree = "<group>"; };
		EF609E972D02A92F00E59A7C /* HomeRouter.swift */ = {isa = PBXFileReference; lastKnownFileType = sourcecode.swift; path = HomeRouter.swift; sourceTree = "<group>"; };
		EF66D0802D02FA05008ACFD0 /* MealRouter.swift */ = {isa = PBXFileReference; lastKnownFileType = sourcecode.swift; path = MealRouter.swift; sourceTree = "<group>"; };
		EF66D0882D02FA27008ACFD0 /* MealViewController.swift */ = {isa = PBXFileReference; lastKnownFileType = sourcecode.swift; path = MealViewController.swift; sourceTree = "<group>"; };
		EF66D08A2D0300E2008ACFD0 /* MealInteractor.swift */ = {isa = PBXFileReference; lastKnownFileType = sourcecode.swift; path = MealInteractor.swift; sourceTree = "<group>"; };
		EF66D08C2D030105008ACFD0 /* MealPresenter.swift */ = {isa = PBXFileReference; lastKnownFileType = sourcecode.swift; path = MealPresenter.swift; sourceTree = "<group>"; };
		EFECD7FF2D01F8D800634820 /* Meal.swift */ = {isa = PBXFileReference; lastKnownFileType = sourcecode.swift; path = Meal.swift; sourceTree = "<group>"; };
		EFECD8062D0200E900634820 /* SearchBarComponent.swift */ = {isa = PBXFileReference; lastKnownFileType = sourcecode.swift; path = SearchBarComponent.swift; sourceTree = "<group>"; };
		EFECD8082D020A9A00634820 /* FilterMenuComponent.swift */ = {isa = PBXFileReference; lastKnownFileType = sourcecode.swift; path = FilterMenuComponent.swift; sourceTree = "<group>"; };
		EFECD80A2D020B3500634820 /* FilterMenuComponent+Cell.swift */ = {isa = PBXFileReference; lastKnownFileType = sourcecode.swift; path = "FilterMenuComponent+Cell.swift"; sourceTree = "<group>"; };
/* End PBXFileReference section */

/* Begin PBXFrameworksBuildPhase section */
		EF0DE9952D007EEF004C54C3 /* Frameworks */ = {
			isa = PBXFrameworksBuildPhase;
			buildActionMask = 2147483647;
			files = (
			);
			runOnlyForDeploymentPostprocessing = 0;
		};
		EF0DE9AB2D007EF1004C54C3 /* Frameworks */ = {
			isa = PBXFrameworksBuildPhase;
			buildActionMask = 2147483647;
			files = (
			);
			runOnlyForDeploymentPostprocessing = 0;
		};
		EF0DE9B52D007EF1004C54C3 /* Frameworks */ = {
			isa = PBXFrameworksBuildPhase;
			buildActionMask = 2147483647;
			files = (
			);
			runOnlyForDeploymentPostprocessing = 0;
		};
/* End PBXFrameworksBuildPhase section */

/* Begin PBXGroup section */
		EF0DE98F2D007EEF004C54C3 = {
			isa = PBXGroup;
			children = (
				EF0DE9D12D008083004C54C3 /* MiniChallenge */,
				EF0DE9D82D008085004C54C3 /* MiniChallengeTests */,
				EF0DE9DC2D008087004C54C3 /* MiniChallengeUITests */,
				EF0DE9992D007EEF004C54C3 /* Products */,
			);
			sourceTree = "<group>";
		};
		EF0DE9992D007EEF004C54C3 /* Products */ = {
			isa = PBXGroup;
			children = (
				EF0DE9982D007EEF004C54C3 /* MiniChallenge.app */,
				EF0DE9AE2D007EF1004C54C3 /* MiniChallengeTests.xctest */,
				EF0DE9B82D007EF1004C54C3 /* MiniChallengeUITests.xctest */,
			);
			name = Products;
			sourceTree = "<group>";
		};
		EF0DE9D12D008083004C54C3 /* MiniChallenge */ = {
			isa = PBXGroup;
			children = (
				EF0DE9CF2D008083004C54C3 /* SceneDelegate.swift */,
				EF0DE9CC2D008083004C54C3 /* AppDelegate.swift */,
				EF0DE9CD2D008083004C54C3 /* Assets.xcassets */,
				EF0DE9CE2D008083004C54C3 /* Info.plist */,
				EF0DE9DF2D008089004C54C3 /* Modules */,
			);
			path = MiniChallenge;
			sourceTree = "<group>";
		};
		EF0DE9D82D008085004C54C3 /* MiniChallengeTests */ = {
			isa = PBXGroup;
			children = (
				EF0DE9D72D008085004C54C3 /* MiniChallengeTests.swift */,
			);
			path = MiniChallengeTests;
			sourceTree = "<group>";
		};
		EF0DE9DC2D008087004C54C3 /* MiniChallengeUITests */ = {
			isa = PBXGroup;
			children = (
				EF0DE9DA2D008087004C54C3 /* MiniChallengeUITests.swift */,
				EF0DE9DB2D008087004C54C3 /* MiniChallengeUITestsLaunchTests.swift */,
			);
			path = MiniChallengeUITests;
			sourceTree = "<group>";
		};
		EF0DE9DF2D008089004C54C3 /* Modules */ = {
			isa = PBXGroup;
			children = (
				EF66D07F2D02F9F9008ACFD0 /* Meal */,
				EF0DE9E72D009AD8004C54C3 /* Home */,
			);
			path = Modules;
			sourceTree = "<group>";
		};
		EF0DE9E72D009AD8004C54C3 /* Home */ = {
			isa = PBXGroup;
			children = (
				EFECD8032D01FEEC00634820 /* Component */,
				EF609E992D02A9ED00E59A7C /* View */,
				EF609E902D02A66900E59A7C /* Presenter */,
				EF609E8A2D02A34B00E59A7C /* Interactor */,
				EFECD7FE2D01F8CF00634820 /* Entity */,
				EF609E972D02A92F00E59A7C /* HomeRouter.swift */,
			);
			path = Home;
			sourceTree = "<group>";
		};
		EF609E8A2D02A34B00E59A7C /* Interactor */ = {
			isa = PBXGroup;
			children = (
				EF609E8B2D02A36400E59A7C /* HomeInteractor.swift */,
			);
			path = Interactor;
			sourceTree = "<group>";
		};
		EF609E8D2D02A47100E59A7C /* DTO */ = {
			isa = PBXGroup;
			children = (
				EF609E952D02A75500E59A7C /* Response */,
				EF609E8E2D02A47B00E59A7C /* MealCloud.swift */,
			);
			path = DTO;
			sourceTree = "<group>";
		};
		EF609E902D02A66900E59A7C /* Presenter */ = {
			isa = PBXGroup;
			children = (
				EF609E912D02A67100E59A7C /* HomePresenter.swift */,
			);
			path = Presenter;
			sourceTree = "<group>";
		};
		EF609E952D02A75500E59A7C /* Response */ = {
			isa = PBXGroup;
			children = (
				EF609E932D02A74F00E59A7C /* MealResponse.swift */,
			);
			path = Response;
			sourceTree = "<group>";
		};
		EF609E992D02A9ED00E59A7C /* View */ = {
			isa = PBXGroup;
			children = (
				EF0DE9E52D00972C004C54C3 /* HomeViewController.swift */,
			);
			path = View;
			sourceTree = "<group>";
		};
		EF66D07F2D02F9F9008ACFD0 /* Meal */ = {
			isa = PBXGroup;
			children = (
				EF66D0832D02FA0F008ACFD0 /* View */,
				EF66D0822D02FA0A008ACFD0 /* Interactor */,
				EF66D0842D02FA14008ACFD0 /* Presenter */,
				EF66D0802D02FA05008ACFD0 /* MealRouter.swift */,
			);
			path = Meal;
			sourceTree = "<group>";
		};
		EF66D0822D02FA0A008ACFD0 /* Interactor */ = {
			isa = PBXGroup;
			children = (
				EF66D08A2D0300E2008ACFD0 /* MealInteractor.swift */,
			);
			path = Interactor;
			sourceTree = "<group>";
		};
		EF66D0832D02FA0F008ACFD0 /* View */ = {
			isa = PBXGroup;
			children = (
				EF66D0882D02FA27008ACFD0 /* MealViewController.swift */,
			);
			path = View;
			sourceTree = "<group>";
		};
		EF66D0842D02FA14008ACFD0 /* Presenter */ = {
			isa = PBXGroup;
			children = (
				EF66D08C2D030105008ACFD0 /* MealPresenter.swift */,
			);
			path = Presenter;
			sourceTree = "<group>";
		};
		EFECD7FE2D01F8CF00634820 /* Entity */ = {
			isa = PBXGroup;
			children = (
				EF609E8D2D02A47100E59A7C /* DTO */,
				EFECD7FF2D01F8D800634820 /* Meal.swift */,
			);
			path = Entity;
			sourceTree = "<group>";
		};
		EFECD8032D01FEEC00634820 /* Component */ = {
			isa = PBXGroup;
			children = (
				EF609E882D02958E00E59A7C /* CardMenuComponent+Cell.swift */,
				EF609E862D0294B700E59A7C /* CardMenuComponent.swift */,
				EFECD80A2D020B3500634820 /* FilterMenuComponent+Cell.swift */,
				EFECD8082D020A9A00634820 /* FilterMenuComponent.swift */,
				EFECD8062D0200E900634820 /* SearchBarComponent.swift */,
			);
			path = Component;
			sourceTree = "<group>";
		};
/* End PBXGroup section */

/* Begin PBXNativeTarget section */
		EF0DE9972D007EEF004C54C3 /* MiniChallenge */ = {
			isa = PBXNativeTarget;
			buildConfigurationList = EF0DE9C12D007EF1004C54C3 /* Build configuration list for PBXNativeTarget "MiniChallenge" */;
			buildPhases = (
				EF0DE9942D007EEF004C54C3 /* Sources */,
				EF0DE9952D007EEF004C54C3 /* Frameworks */,
				EF0DE9962D007EEF004C54C3 /* Resources */,
			);
			buildRules = (
			);
			dependencies = (
			);
			name = MiniChallenge;
			packageProductDependencies = (
			);
			productName = MiniChallenge;
			productReference = EF0DE9982D007EEF004C54C3 /* MiniChallenge.app */;
			productType = "com.apple.product-type.application";
		};
		EF0DE9AD2D007EF1004C54C3 /* MiniChallengeTests */ = {
			isa = PBXNativeTarget;
			buildConfigurationList = EF0DE9C62D007EF1004C54C3 /* Build configuration list for PBXNativeTarget "MiniChallengeTests" */;
			buildPhases = (
				EF0DE9AA2D007EF1004C54C3 /* Sources */,
				EF0DE9AB2D007EF1004C54C3 /* Frameworks */,
				EF0DE9AC2D007EF1004C54C3 /* Resources */,
			);
			buildRules = (
			);
			dependencies = (
				EF0DE9B02D007EF1004C54C3 /* PBXTargetDependency */,
			);
			name = MiniChallengeTests;
			packageProductDependencies = (
			);
			productName = MiniChallengeTests;
			productReference = EF0DE9AE2D007EF1004C54C3 /* MiniChallengeTests.xctest */;
			productType = "com.apple.product-type.bundle.unit-test";
		};
		EF0DE9B72D007EF1004C54C3 /* MiniChallengeUITests */ = {
			isa = PBXNativeTarget;
			buildConfigurationList = EF0DE9C92D007EF1004C54C3 /* Build configuration list for PBXNativeTarget "MiniChallengeUITests" */;
			buildPhases = (
				EF0DE9B42D007EF1004C54C3 /* Sources */,
				EF0DE9B52D007EF1004C54C3 /* Frameworks */,
				EF0DE9B62D007EF1004C54C3 /* Resources */,
			);
			buildRules = (
			);
			dependencies = (
				EF0DE9BA2D007EF1004C54C3 /* PBXTargetDependency */,
			);
			name = MiniChallengeUITests;
			packageProductDependencies = (
			);
			productName = MiniChallengeUITests;
			productReference = EF0DE9B82D007EF1004C54C3 /* MiniChallengeUITests.xctest */;
			productType = "com.apple.product-type.bundle.ui-testing";
		};
/* End PBXNativeTarget section */

/* Begin PBXProject section */
		EF0DE9902D007EEF004C54C3 /* Project object */ = {
			isa = PBXProject;
			attributes = {
				BuildIndependentTargetsInParallel = 1;
				LastSwiftUpdateCheck = 1610;
				LastUpgradeCheck = 1610;
				TargetAttributes = {
					EF0DE9972D007EEF004C54C3 = {
						CreatedOnToolsVersion = 16.1;
					};
					EF0DE9AD2D007EF1004C54C3 = {
						CreatedOnToolsVersion = 16.1;
						TestTargetID = EF0DE9972D007EEF004C54C3;
					};
					EF0DE9B72D007EF1004C54C3 = {
						CreatedOnToolsVersion = 16.1;
						TestTargetID = EF0DE9972D007EEF004C54C3;
					};
				};
			};
			buildConfigurationList = EF0DE9932D007EEF004C54C3 /* Build configuration list for PBXProject "MiniChallenge" */;
			developmentRegion = en;
			hasScannedForEncodings = 0;
			knownRegions = (
				en,
				Base,
			);
			mainGroup = EF0DE98F2D007EEF004C54C3;
			minimizedProjectReferenceProxies = 1;
			packageReferences = (
				EFECD7F42D01DF8800634820 /* XCRemoteSwiftPackageReference "SwiftLint" */,
			);
			preferredProjectObjectVersion = 77;
			productRefGroup = EF0DE9992D007EEF004C54C3 /* Products */;
			projectDirPath = "";
			projectRoot = "";
			targets = (
				EF0DE9972D007EEF004C54C3 /* MiniChallenge */,
				EF0DE9AD2D007EF1004C54C3 /* MiniChallengeTests */,
				EF0DE9B72D007EF1004C54C3 /* MiniChallengeUITests */,
			);
		};
/* End PBXProject section */

/* Begin PBXResourcesBuildPhase section */
		EF0DE9962D007EEF004C54C3 /* Resources */ = {
			isa = PBXResourcesBuildPhase;
			buildActionMask = 2147483647;
			files = (
				EF0DE9D52D008083004C54C3 /* Assets.xcassets in Resources */,
			);
			runOnlyForDeploymentPostprocessing = 0;
		};
		EF0DE9AC2D007EF1004C54C3 /* Resources */ = {
			isa = PBXResourcesBuildPhase;
			buildActionMask = 2147483647;
			files = (
			);
			runOnlyForDeploymentPostprocessing = 0;
		};
		EF0DE9B62D007EF1004C54C3 /* Resources */ = {
			isa = PBXResourcesBuildPhase;
			buildActionMask = 2147483647;
			files = (
			);
			runOnlyForDeploymentPostprocessing = 0;
		};
/* End PBXResourcesBuildPhase section */

/* Begin PBXSourcesBuildPhase section */
		EF0DE9942D007EEF004C54C3 /* Sources */ = {
			isa = PBXSourcesBuildPhase;
			buildActionMask = 2147483647;
			files = (
				EF0DE9D22D008083004C54C3 /* AppDelegate.swift in Sources */,
				EF66D08D2D030107008ACFD0 /* MealPresenter.swift in Sources */,
				EF609E8C2D02A36A00E59A7C /* HomeInteractor.swift in Sources */,
				EFECD8092D020A9D00634820 /* FilterMenuComponent.swift in Sources */,
				EF609E8F2D02A48C00E59A7C /* MealCloud.swift in Sources */,
				EF609E982D02A93200E59A7C /* HomeRouter.swift in Sources */,
				EFECD80B2D020B3A00634820 /* FilterMenuComponent+Cell.swift in Sources */,
				EF0DE9D32D008083004C54C3 /* SceneDelegate.swift in Sources */,
				EF609E892D02959100E59A7C /* CardMenuComponent+Cell.swift in Sources */,
				EF66D08B2D0300E6008ACFD0 /* MealInteractor.swift in Sources */,
				EFECD8002D01F8DC00634820 /* Meal.swift in Sources */,
				EFECD8072D0200EE00634820 /* SearchBarComponent.swift in Sources */,
				EF609E942D02A75200E59A7C /* MealResponse.swift in Sources */,
				EF66D0812D02FA07008ACFD0 /* MealRouter.swift in Sources */,
				EF609E922D02A67300E59A7C /* HomePresenter.swift in Sources */,
				EF0DE9E62D009734004C54C3 /* HomeViewController.swift in Sources */,
				EF609E872D0294BC00E59A7C /* CardMenuComponent.swift in Sources */,
				EF66D0892D02FA2A008ACFD0 /* MealViewController.swift in Sources */,
			);
			runOnlyForDeploymentPostprocessing = 0;
		};
		EF0DE9AA2D007EF1004C54C3 /* Sources */ = {
			isa = PBXSourcesBuildPhase;
			buildActionMask = 2147483647;
			files = (
				EF0DE9D92D008085004C54C3 /* MiniChallengeTests.swift in Sources */,
			);
			runOnlyForDeploymentPostprocessing = 0;
		};
		EF0DE9B42D007EF1004C54C3 /* Sources */ = {
			isa = PBXSourcesBuildPhase;
			buildActionMask = 2147483647;
			files = (
				EF0DE9DD2D008087004C54C3 /* MiniChallengeUITests.swift in Sources */,
				EF0DE9DE2D008087004C54C3 /* MiniChallengeUITestsLaunchTests.swift in Sources */,
			);
			runOnlyForDeploymentPostprocessing = 0;
		};
/* End PBXSourcesBuildPhase section */

/* Begin PBXTargetDependency section */
		EF0DE9B02D007EF1004C54C3 /* PBXTargetDependency */ = {
			isa = PBXTargetDependency;
			target = EF0DE9972D007EEF004C54C3 /* MiniChallenge */;
			targetProxy = EF0DE9AF2D007EF1004C54C3 /* PBXContainerItemProxy */;
		};
		EF0DE9BA2D007EF1004C54C3 /* PBXTargetDependency */ = {
			isa = PBXTargetDependency;
			target = EF0DE9972D007EEF004C54C3 /* MiniChallenge */;
			targetProxy = EF0DE9B92D007EF1004C54C3 /* PBXContainerItemProxy */;
		};
/* End PBXTargetDependency section */

/* Begin XCBuildConfiguration section */
		EF0DE9C22D007EF1004C54C3 /* Debug */ = {
			isa = XCBuildConfiguration;
			buildSettings = {
				ASSETCATALOG_COMPILER_APPICON_NAME = AppIcon;
				ASSETCATALOG_COMPILER_GLOBAL_ACCENT_COLOR_NAME = AccentColor;
				CODE_SIGN_STYLE = Automatic;
				CURRENT_PROJECT_VERSION = 1;
				DEVELOPMENT_TEAM = DP3K3GBL6K;
				GENERATE_INFOPLIST_FILE = YES;
				INFOPLIST_FILE = MiniChallenge/Info.plist;
				INFOPLIST_KEY_UIApplicationSupportsIndirectInputEvents = YES;
				INFOPLIST_KEY_UILaunchStoryboardName = LaunchScreen;
				INFOPLIST_KEY_UISupportedInterfaceOrientations_iPad = "UIInterfaceOrientationPortrait UIInterfaceOrientationPortraitUpsideDown UIInterfaceOrientationLandscapeLeft UIInterfaceOrientationLandscapeRight";
				INFOPLIST_KEY_UISupportedInterfaceOrientations_iPhone = "UIInterfaceOrientationPortrait UIInterfaceOrientationLandscapeLeft UIInterfaceOrientationLandscapeRight";
				LD_RUNPATH_SEARCH_PATHS = (
					"$(inherited)",
					"@executable_path/Frameworks",
				);
				MARKETING_VERSION = 1.0;
				PRODUCT_BUNDLE_IDENTIFIER = com.dasontio.MiniChallenge;
				PRODUCT_NAME = "$(TARGET_NAME)";
				SWIFT_EMIT_LOC_STRINGS = YES;
				SWIFT_VERSION = 5.0;
				TARGETED_DEVICE_FAMILY = "1,2";
			};
			name = Debug;
		};
		EF0DE9C32D007EF1004C54C3 /* Release */ = {
			isa = XCBuildConfiguration;
			buildSettings = {
				ASSETCATALOG_COMPILER_APPICON_NAME = AppIcon;
				ASSETCATALOG_COMPILER_GLOBAL_ACCENT_COLOR_NAME = AccentColor;
				CODE_SIGN_STYLE = Automatic;
				CURRENT_PROJECT_VERSION = 1;
				DEVELOPMENT_TEAM = DP3K3GBL6K;
				GENERATE_INFOPLIST_FILE = YES;
				INFOPLIST_FILE = MiniChallenge/Info.plist;
				INFOPLIST_KEY_UIApplicationSupportsIndirectInputEvents = YES;
				INFOPLIST_KEY_UILaunchStoryboardName = LaunchScreen;
				INFOPLIST_KEY_UISupportedInterfaceOrientations_iPad = "UIInterfaceOrientationPortrait UIInterfaceOrientationPortraitUpsideDown UIInterfaceOrientationLandscapeLeft UIInterfaceOrientationLandscapeRight";
				INFOPLIST_KEY_UISupportedInterfaceOrientations_iPhone = "UIInterfaceOrientationPortrait UIInterfaceOrientationLandscapeLeft UIInterfaceOrientationLandscapeRight";
				LD_RUNPATH_SEARCH_PATHS = (
					"$(inherited)",
					"@executable_path/Frameworks",
				);
				MARKETING_VERSION = 1.0;
				PRODUCT_BUNDLE_IDENTIFIER = com.dasontio.MiniChallenge;
				PRODUCT_NAME = "$(TARGET_NAME)";
				SWIFT_EMIT_LOC_STRINGS = YES;
				SWIFT_VERSION = 5.0;
				TARGETED_DEVICE_FAMILY = "1,2";
			};
			name = Release;
		};
		EF0DE9C42D007EF1004C54C3 /* Debug */ = {
			isa = XCBuildConfiguration;
			buildSettings = {
				ALWAYS_SEARCH_USER_PATHS = NO;
				ASSETCATALOG_COMPILER_GENERATE_SWIFT_ASSET_SYMBOL_EXTENSIONS = YES;
				CLANG_ANALYZER_NONNULL = YES;
				CLANG_ANALYZER_NUMBER_OBJECT_CONVERSION = YES_AGGRESSIVE;
				CLANG_CXX_LANGUAGE_STANDARD = "gnu++20";
				CLANG_ENABLE_MODULES = YES;
				CLANG_ENABLE_OBJC_ARC = YES;
				CLANG_ENABLE_OBJC_WEAK = YES;
				CLANG_WARN_BLOCK_CAPTURE_AUTORELEASING = YES;
				CLANG_WARN_BOOL_CONVERSION = YES;
				CLANG_WARN_COMMA = YES;
				CLANG_WARN_CONSTANT_CONVERSION = YES;
				CLANG_WARN_DEPRECATED_OBJC_IMPLEMENTATIONS = YES;
				CLANG_WARN_DIRECT_OBJC_ISA_USAGE = YES_ERROR;
				CLANG_WARN_DOCUMENTATION_COMMENTS = YES;
				CLANG_WARN_EMPTY_BODY = YES;
				CLANG_WARN_ENUM_CONVERSION = YES;
				CLANG_WARN_INFINITE_RECURSION = YES;
				CLANG_WARN_INT_CONVERSION = YES;
				CLANG_WARN_NON_LITERAL_NULL_CONVERSION = YES;
				CLANG_WARN_OBJC_IMPLICIT_RETAIN_SELF = YES;
				CLANG_WARN_OBJC_LITERAL_CONVERSION = YES;
				CLANG_WARN_OBJC_ROOT_CLASS = YES_ERROR;
				CLANG_WARN_QUOTED_INCLUDE_IN_FRAMEWORK_HEADER = YES;
				CLANG_WARN_RANGE_LOOP_ANALYSIS = YES;
				CLANG_WARN_STRICT_PROTOTYPES = YES;
				CLANG_WARN_SUSPICIOUS_MOVE = YES;
				CLANG_WARN_UNGUARDED_AVAILABILITY = YES_AGGRESSIVE;
				CLANG_WARN_UNREACHABLE_CODE = YES;
				CLANG_WARN__DUPLICATE_METHOD_MATCH = YES;
				COPY_PHASE_STRIP = NO;
				DEBUG_INFORMATION_FORMAT = dwarf;
				ENABLE_STRICT_OBJC_MSGSEND = YES;
				ENABLE_TESTABILITY = YES;
				ENABLE_USER_SCRIPT_SANDBOXING = YES;
				GCC_C_LANGUAGE_STANDARD = gnu17;
				GCC_DYNAMIC_NO_PIC = NO;
				GCC_NO_COMMON_BLOCKS = YES;
				GCC_OPTIMIZATION_LEVEL = 0;
				GCC_PREPROCESSOR_DEFINITIONS = (
					"DEBUG=1",
					"$(inherited)",
				);
				GCC_WARN_64_TO_32_BIT_CONVERSION = YES;
				GCC_WARN_ABOUT_RETURN_TYPE = YES_ERROR;
				GCC_WARN_UNDECLARED_SELECTOR = YES;
				GCC_WARN_UNINITIALIZED_AUTOS = YES_AGGRESSIVE;
				GCC_WARN_UNUSED_FUNCTION = YES;
				GCC_WARN_UNUSED_VARIABLE = YES;
				IPHONEOS_DEPLOYMENT_TARGET = 18.1;
				LOCALIZATION_PREFERS_STRING_CATALOGS = YES;
				MTL_ENABLE_DEBUG_INFO = INCLUDE_SOURCE;
				MTL_FAST_MATH = YES;
				ONLY_ACTIVE_ARCH = YES;
				SDKROOT = iphoneos;
				SWIFT_ACTIVE_COMPILATION_CONDITIONS = "DEBUG $(inherited)";
				SWIFT_OPTIMIZATION_LEVEL = "-Onone";
			};
			name = Debug;
		};
		EF0DE9C52D007EF1004C54C3 /* Release */ = {
			isa = XCBuildConfiguration;
			buildSettings = {
				ALWAYS_SEARCH_USER_PATHS = NO;
				ASSETCATALOG_COMPILER_GENERATE_SWIFT_ASSET_SYMBOL_EXTENSIONS = YES;
				CLANG_ANALYZER_NONNULL = YES;
				CLANG_ANALYZER_NUMBER_OBJECT_CONVERSION = YES_AGGRESSIVE;
				CLANG_CXX_LANGUAGE_STANDARD = "gnu++20";
				CLANG_ENABLE_MODULES = YES;
				CLANG_ENABLE_OBJC_ARC = YES;
				CLANG_ENABLE_OBJC_WEAK = YES;
				CLANG_WARN_BLOCK_CAPTURE_AUTORELEASING = YES;
				CLANG_WARN_BOOL_CONVERSION = YES;
				CLANG_WARN_COMMA = YES;
				CLANG_WARN_CONSTANT_CONVERSION = YES;
				CLANG_WARN_DEPRECATED_OBJC_IMPLEMENTATIONS = YES;
				CLANG_WARN_DIRECT_OBJC_ISA_USAGE = YES_ERROR;
				CLANG_WARN_DOCUMENTATION_COMMENTS = YES;
				CLANG_WARN_EMPTY_BODY = YES;
				CLANG_WARN_ENUM_CONVERSION = YES;
				CLANG_WARN_INFINITE_RECURSION = YES;
				CLANG_WARN_INT_CONVERSION = YES;
				CLANG_WARN_NON_LITERAL_NULL_CONVERSION = YES;
				CLANG_WARN_OBJC_IMPLICIT_RETAIN_SELF = YES;
				CLANG_WARN_OBJC_LITERAL_CONVERSION = YES;
				CLANG_WARN_OBJC_ROOT_CLASS = YES_ERROR;
				CLANG_WARN_QUOTED_INCLUDE_IN_FRAMEWORK_HEADER = YES;
				CLANG_WARN_RANGE_LOOP_ANALYSIS = YES;
				CLANG_WARN_STRICT_PROTOTYPES = YES;
				CLANG_WARN_SUSPICIOUS_MOVE = YES;
				CLANG_WARN_UNGUARDED_AVAILABILITY = YES_AGGRESSIVE;
				CLANG_WARN_UNREACHABLE_CODE = YES;
				CLANG_WARN__DUPLICATE_METHOD_MATCH = YES;
				COPY_PHASE_STRIP = NO;
				DEBUG_INFORMATION_FORMAT = "dwarf-with-dsym";
				ENABLE_NS_ASSERTIONS = NO;
				ENABLE_STRICT_OBJC_MSGSEND = YES;
				ENABLE_USER_SCRIPT_SANDBOXING = YES;
				GCC_C_LANGUAGE_STANDARD = gnu17;
				GCC_NO_COMMON_BLOCKS = YES;
				GCC_WARN_64_TO_32_BIT_CONVERSION = YES;
				GCC_WARN_ABOUT_RETURN_TYPE = YES_ERROR;
				GCC_WARN_UNDECLARED_SELECTOR = YES;
				GCC_WARN_UNINITIALIZED_AUTOS = YES_AGGRESSIVE;
				GCC_WARN_UNUSED_FUNCTION = YES;
				GCC_WARN_UNUSED_VARIABLE = YES;
				IPHONEOS_DEPLOYMENT_TARGET = 18.1;
				LOCALIZATION_PREFERS_STRING_CATALOGS = YES;
				MTL_ENABLE_DEBUG_INFO = NO;
				MTL_FAST_MATH = YES;
				SDKROOT = iphoneos;
				SWIFT_COMPILATION_MODE = wholemodule;
				VALIDATE_PRODUCT = YES;
			};
			name = Release;
		};
		EF0DE9C72D007EF1004C54C3 /* Debug */ = {
			isa = XCBuildConfiguration;
			buildSettings = {
				BUNDLE_LOADER = "$(TEST_HOST)";
				CODE_SIGN_STYLE = Automatic;
				CURRENT_PROJECT_VERSION = 1;
				DEVELOPMENT_TEAM = DP3K3GBL6K;
				GENERATE_INFOPLIST_FILE = YES;
				IPHONEOS_DEPLOYMENT_TARGET = 18.1;
				MARKETING_VERSION = 1.0;
				PRODUCT_BUNDLE_IDENTIFIER = com.dasontio.MiniChallengeTests;
				PRODUCT_NAME = "$(TARGET_NAME)";
				SWIFT_EMIT_LOC_STRINGS = NO;
				SWIFT_VERSION = 5.0;
				TARGETED_DEVICE_FAMILY = "1,2";
				TEST_HOST = "$(BUILT_PRODUCTS_DIR)/MiniChallenge.app/$(BUNDLE_EXECUTABLE_FOLDER_PATH)/MiniChallenge";
			};
			name = Debug;
		};
		EF0DE9C82D007EF1004C54C3 /* Release */ = {
			isa = XCBuildConfiguration;
			buildSettings = {
				BUNDLE_LOADER = "$(TEST_HOST)";
				CODE_SIGN_STYLE = Automatic;
				CURRENT_PROJECT_VERSION = 1;
				DEVELOPMENT_TEAM = DP3K3GBL6K;
				GENERATE_INFOPLIST_FILE = YES;
				IPHONEOS_DEPLOYMENT_TARGET = 18.1;
				MARKETING_VERSION = 1.0;
				PRODUCT_BUNDLE_IDENTIFIER = com.dasontio.MiniChallengeTests;
				PRODUCT_NAME = "$(TARGET_NAME)";
				SWIFT_EMIT_LOC_STRINGS = NO;
				SWIFT_VERSION = 5.0;
				TARGETED_DEVICE_FAMILY = "1,2";
				TEST_HOST = "$(BUILT_PRODUCTS_DIR)/MiniChallenge.app/$(BUNDLE_EXECUTABLE_FOLDER_PATH)/MiniChallenge";
			};
			name = Release;
		};
		EF0DE9CA2D007EF1004C54C3 /* Debug */ = {
			isa = XCBuildConfiguration;
			buildSettings = {
				CODE_SIGN_STYLE = Automatic;
				CURRENT_PROJECT_VERSION = 1;
				DEVELOPMENT_TEAM = DP3K3GBL6K;
				GENERATE_INFOPLIST_FILE = YES;
				MARKETING_VERSION = 1.0;
				PRODUCT_BUNDLE_IDENTIFIER = com.dasontio.MiniChallengeUITests;
				PRODUCT_NAME = "$(TARGET_NAME)";
				SWIFT_EMIT_LOC_STRINGS = NO;
				SWIFT_VERSION = 5.0;
				TARGETED_DEVICE_FAMILY = "1,2";
				TEST_TARGET_NAME = MiniChallenge;
			};
			name = Debug;
		};
		EF0DE9CB2D007EF1004C54C3 /* Release */ = {
			isa = XCBuildConfiguration;
			buildSettings = {
				CODE_SIGN_STYLE = Automatic;
				CURRENT_PROJECT_VERSION = 1;
				DEVELOPMENT_TEAM = DP3K3GBL6K;
				GENERATE_INFOPLIST_FILE = YES;
				MARKETING_VERSION = 1.0;
				PRODUCT_BUNDLE_IDENTIFIER = com.dasontio.MiniChallengeUITests;
				PRODUCT_NAME = "$(TARGET_NAME)";
				SWIFT_EMIT_LOC_STRINGS = NO;
				SWIFT_VERSION = 5.0;
				TARGETED_DEVICE_FAMILY = "1,2";
				TEST_TARGET_NAME = MiniChallenge;
			};
			name = Release;
		};
/* End XCBuildConfiguration section */

/* Begin XCConfigurationList section */
		EF0DE9932D007EEF004C54C3 /* Build configuration list for PBXProject "MiniChallenge" */ = {
			isa = XCConfigurationList;
			buildConfigurations = (
				EF0DE9C42D007EF1004C54C3 /* Debug */,
				EF0DE9C52D007EF1004C54C3 /* Release */,
			);
			defaultConfigurationIsVisible = 0;
			defaultConfigurationName = Release;
		};
		EF0DE9C12D007EF1004C54C3 /* Build configuration list for PBXNativeTarget "MiniChallenge" */ = {
			isa = XCConfigurationList;
			buildConfigurations = (
				EF0DE9C22D007EF1004C54C3 /* Debug */,
				EF0DE9C32D007EF1004C54C3 /* Release */,
			);
			defaultConfigurationIsVisible = 0;
			defaultConfigurationName = Release;
		};
		EF0DE9C62D007EF1004C54C3 /* Build configuration list for PBXNativeTarget "MiniChallengeTests" */ = {
			isa = XCConfigurationList;
			buildConfigurations = (
				EF0DE9C72D007EF1004C54C3 /* Debug */,
				EF0DE9C82D007EF1004C54C3 /* Release */,
			);
			defaultConfigurationIsVisible = 0;
			defaultConfigurationName = Release;
		};
		EF0DE9C92D007EF1004C54C3 /* Build configuration list for PBXNativeTarget "MiniChallengeUITests" */ = {
			isa = XCConfigurationList;
			buildConfigurations = (
				EF0DE9CA2D007EF1004C54C3 /* Debug */,
				EF0DE9CB2D007EF1004C54C3 /* Release */,
			);
			defaultConfigurationIsVisible = 0;
			defaultConfigurationName = Release;
		};
/* End XCConfigurationList section */

/* Begin XCRemoteSwiftPackageReference section */
		EFECD7F42D01DF8800634820 /* XCRemoteSwiftPackageReference "SwiftLint" */ = {
			isa = XCRemoteSwiftPackageReference;
			repositoryURL = "https://github.com/realm/SwiftLint";
			requirement = {
				kind = upToNextMajorVersion;
				minimumVersion = 0.57.1;
			};
		};
/* End XCRemoteSwiftPackageReference section */
	};
	rootObject = EF0DE9902D007EEF004C54C3 /* Project object */;
}
